
Microsoft Visual Studio Solution File, Format Version 12.00
# Visual Studio 15
VisualStudioVersion = 15.0.28010.2016
MinimumVisualStudioVersion = 10.0.40219.1
Project("{FAE04EC0-301F-11D3-BF4B-00C04F79EFBC}") = "Habbo", "server\Habbo.csproj", "{C116426E-EE7A-4944-BC16-6433C0E645FF}"
EndProject
Global
	GlobalSection(SolutionConfigurationPlatforms) = preSolution
		Debug|Any CPU = Debug|Any CPU
		Release|Any CPU = Release|Any CPU
	EndGlobalSection
	GlobalSection(ProjectConfigurationPlatforms) = postSolution
		{C116426E-EE7A-4944-BC16-6433C0E645FF}.Debug|Any CPU.ActiveCfg = Debug|Any CPU
		{C116426E-EE7A-4944-BC16-6433C0E645FF}.Debug|Any CPU.Build.0 = Debug|Any CPU
		{C116426E-EE7A-4944-BC16-6433C0E645FF}.Release|Any CPU.ActiveCfg = Release|Any CPU
		{C116426E-EE7A-4944-BC16-6433C0E645FF}.Release|Any CPU.Build.0 = Release|Any CPU
	EndGlobalSection
	GlobalSection(SolutionProperties) = preSolution
		HideSolutionNode = FALSE
	EndGlobalSection
	GlobalSection(ExtensibilityGlobals) = postSolution
		SolutionGuid = {B09B6E84-0C5F-4203-A31A-5DCE3C846679}
	EndGlobalSection
EndGlobal
